
Microsoft Visual Studio Solution File, Format Version 12.00
# Visual Studio Version 17
VisualStudioVersion = 17.10.35027.167
MinimumVisualStudioVersion = 10.0.40219.1
Project("{FAE04EC0-301F-11D3-BF4B-00C04F79EFBC}") = "abstDemo", "abstDemo.csproj", "{26A11F8E-3D28-4F3D-BACE-3AC7D0587DC4}"
EndProject
Global
	GlobalSection(SolutionConfigurationPlatforms) = preSolution
		Debug|Any CPU = Debug|Any CPU
		Release|Any CPU = Release|Any CPU
	EndGlobalSection
	GlobalSection(ProjectConfigurationPlatforms) = postSolution
		{26A11F8E-3D28-4F3D-BACE-3AC7D0587DC4}.Debug|Any CPU.ActiveCfg = Debug|Any CPU
		{26A11F8E-3D28-4F3D-BACE-3AC7D0587DC4}.Debug|Any CPU.Build.0 = Debug|Any CPU
		{26A11F8E-3D28-4F3D-BACE-3AC7D0587DC4}.Release|Any CPU.ActiveCfg = Release|Any CPU
		{26A11F8E-3D28-4F3D-BACE-3AC7D0587DC4}.Release|Any CPU.Build.0 = Release|Any CPU
	EndGlobalSection
	GlobalSection(SolutionProperties) = preSolution
		HideSolutionNode = FALSE
	EndGlobalSection
	GlobalSection(ExtensibilityGlobals) = postSolution
		SolutionGuid = {9928776C-7F2F-4EAD-8326-F82ABA96729E}
	EndGlobalSection
EndGlobal
