 Visual Studio Solution File, Format Version 12.00
# Visual Studio Version 17
VisualStudioVersion = 17.10.35027.167
MinimumVisualStudioVersion = 10.0.40219.1
Project("{FAE04EC0-301F-11D3-BF4B-00C04F79EFBC}") = "constructor", "constructor.csproj", "{DCA61777-B920-421B-8BE5-8A5CD5A3D486}"
EndProject
Global
	GlobalSection(SolutionConfigurationPlatforms) = preSolution
		Debug|Any CPU = Debug|Any CPU
		Release|Any CPU = Release|Any CPU
	EndGlobalSection
	GlobalSection(ProjectConfigurationPlatforms) = postSolution
		{DCA61777-B920-421B-8BE5-8A5CD5A3D486}.Debug|Any CPU.ActiveCfg = Debug|Any CPU
		{DCA61777-B920-421B-8BE5-8A5CD5A3D486}.Debug|Any CPU.Build.0 = Debug|Any CPU
		{DCA61777-B920-421B-8BE5-8A5CD5A3D486}.Release|Any CPU.ActiveCfg = Release|Any CPU
		{DCA61777-B920-421B-8BE5-8A5CD5A3D486}.Release|Any CPU.Build.0 = Release|Any CPU
	EndGlobalSection
	GlobalSection(SolutionProperties) = preSolution
		HideSolutionNode = FALSE
	EndGlobalSection
	GlobalSection(ExtensibilityGlobals) = postSolution
		SolutionGuid = {A78BC963-65E4-41CF-A561-2FE5BA968434}
	EndGlobalSection
EndGlobal
